
Microsoft Visual Studio Solution File, Format Version 12.00
# Visual Studio Version 16
VisualStudioVersion = 16.0.30320.27
MinimumVisualStudioVersion = 10.0.40219.1
Project("{FAE04EC0-301F-11D3-BF4B-00C04F79EFBC}") = "Day1.Server", "Day1\Server\Day1.Server.csproj", "{AC80DD06-EB24-4895-B13B-42DE3E833B65}"
EndProject
Project("{FAE04EC0-301F-11D3-BF4B-00C04F79EFBC}") = "Day1.Client", "Day1\Client\Day1.Client.csproj", "{17E58DBD-7FBE-4241-B549-8CF6F8A5B835}"
EndProject
Project("{FAE04EC0-301F-11D3-BF4B-00C04F79EFBC}") = "Day1.Shared", "Day1\Shared\Day1.Shared.csproj", "{B7F2EB01-9D84-4E09-B60E-F309B8E767C6}"
EndProject
Global
	GlobalSection(SolutionConfigurationPlatforms) = preSolution
		Debug|Any CPU = Debug|Any CPU
		Release|Any CPU = Release|Any CPU
	EndGlobalSection
	GlobalSection(ProjectConfigurationPlatforms) = postSolution
		{AC80DD06-EB24-4895-B13B-42DE3E833B65}.Debug|Any CPU.ActiveCfg = Debug|Any CPU
		{AC80DD06-EB24-4895-B13B-42DE3E833B65}.Debug|Any CPU.Build.0 = Debug|Any CPU
		{AC80DD06-EB24-4895-B13B-42DE3E833B65}.Release|Any CPU.ActiveCfg = Release|Any CPU
		{AC80DD06-EB24-4895-B13B-42DE3E833B65}.Release|Any CPU.Build.0 = Release|Any CPU
		{17E58DBD-7FBE-4241-B549-8CF6F8A5B835}.Debug|Any CPU.ActiveCfg = Debug|Any CPU
		{17E58DBD-7FBE-4241-B549-8CF6F8A5B835}.Debug|Any CPU.Build.0 = Debug|Any CPU
		{17E58DBD-7FBE-4241-B549-8CF6F8A5B835}.Release|Any CPU.ActiveCfg = Release|Any CPU
		{17E58DBD-7FBE-4241-B549-8CF6F8A5B835}.Release|Any CPU.Build.0 = Release|Any CPU
		{B7F2EB01-9D84-4E09-B60E-F309B8E767C6}.Debug|Any CPU.ActiveCfg = Debug|Any CPU
		{B7F2EB01-9D84-4E09-B60E-F309B8E767C6}.Debug|Any CPU.Build.0 = Debug|Any CPU
		{B7F2EB01-9D84-4E09-B60E-F309B8E767C6}.Release|Any CPU.ActiveCfg = Release|Any CPU
		{B7F2EB01-9D84-4E09-B60E-F309B8E767C6}.Release|Any CPU.Build.0 = Release|Any CPU
	EndGlobalSection
	GlobalSection(SolutionProperties) = preSolution
		HideSolutionNode = FALSE
	EndGlobalSection
	GlobalSection(ExtensibilityGlobals) = postSolution
		SolutionGuid = {3F9428BD-A301-468C-9814-986736A1195C}
	EndGlobalSection
EndGlobal
